
Microsoft Visual Studio Solution File, Format Version 12.00
# Visual Studio Version 17
VisualStudioVersion = 17.5.33516.290
MinimumVisualStudioVersion = 10.0.40219.1
Project("{FAE04EC0-301F-11D3-BF4B-00C04F79EFBC}") = "CBAMONLINE", "CBAMONLINE\CBAMONLINE.csproj", "{9EB652C1-6874-4F38-9D92-AF43BB177B84}"
EndProject
Global
	GlobalSection(SolutionConfigurationPlatforms) = preSolution
		Debug|Any CPU = Debug|Any CPU
		Release|Any CPU = Release|Any CPU
	EndGlobalSection
	GlobalSection(ProjectConfigurationPlatforms) = postSolution
		{9EB652C1-6874-4F38-9D92-AF43BB177B84}.Debug|Any CPU.ActiveCfg = Debug|Any CPU
		{9EB652C1-6874-4F38-9D92-AF43BB177B84}.Debug|Any CPU.Build.0 = Debug|Any CPU
		{9EB652C1-6874-4F38-9D92-AF43BB177B84}.Release|Any CPU.ActiveCfg = Release|Any CPU
		{9EB652C1-6874-4F38-9D92-AF43BB177B84}.Release|Any CPU.Build.0 = Release|Any CPU
	EndGlobalSection
	GlobalSection(SolutionProperties) = preSolution
		HideSolutionNode = FALSE
	EndGlobalSection
	GlobalSection(ExtensibilityGlobals) = postSolution
		SolutionGuid = {32BF9BA9-B3E6-405C-ABA3-19199DFE8FFD}
	EndGlobalSection
EndGlobal
